
Microsoft Visual Studio Solution File, Format Version 12.00
# Visual Studio 14
VisualStudioVersion = 14.0.25420.1
MinimumVisualStudioVersion = 10.0.40219.1
Project("{FAE04EC0-301F-11D3-BF4B-00C04F79EFBC}") = "MarioKart", "MarioKart\MarioKart.csproj", "{5299C369-D70E-4602-875F-869467DD3E46}"
EndProject
Project("{FAE04EC0-301F-11D3-BF4B-00C04F79EFBC}") = "Test sonar", "Test sonar\Test sonar.csproj", "{82E966BF-5638-49BB-BACD-1FC4D22D2C40}"
EndProject
Global
	GlobalSection(SolutionConfigurationPlatforms) = preSolution
		Debug|Any CPU = Debug|Any CPU
		Release|Any CPU = Release|Any CPU
	EndGlobalSection
	GlobalSection(ProjectConfigurationPlatforms) = postSolution
		{5299C369-D70E-4602-875F-869467DD3E46}.Debug|Any CPU.ActiveCfg = Debug|Any CPU
		{5299C369-D70E-4602-875F-869467DD3E46}.Debug|Any CPU.Build.0 = Debug|Any CPU
		{5299C369-D70E-4602-875F-869467DD3E46}.Release|Any CPU.ActiveCfg = Release|Any CPU
		{5299C369-D70E-4602-875F-869467DD3E46}.Release|Any CPU.Build.0 = Release|Any CPU
		{82E966BF-5638-49BB-BACD-1FC4D22D2C40}.Debug|Any CPU.ActiveCfg = Debug|Any CPU
		{82E966BF-5638-49BB-BACD-1FC4D22D2C40}.Debug|Any CPU.Build.0 = Debug|Any CPU
		{82E966BF-5638-49BB-BACD-1FC4D22D2C40}.Release|Any CPU.ActiveCfg = Release|Any CPU
		{82E966BF-5638-49BB-BACD-1FC4D22D2C40}.Release|Any CPU.Build.0 = Release|Any CPU
	EndGlobalSection
	GlobalSection(SolutionProperties) = preSolution
		HideSolutionNode = FALSE
	EndGlobalSection
EndGlobal
